
Microsoft Visual Studio Solution File, Format Version 12.00
# Visual Studio Version 17
Project("{F2A71F9B-5D33-465A-A702-920D77279786}") = "Lib", "src\Lib\Lib.fsproj", "{00000000-0000-0000-0000-000000000001}"
EndProject
Project("{F2A71F9B-5D33-465A-A702-920D77279786}") = "Lib.Tests", "tests\Lib.Tests\Lib.Tests.fsproj", "{00000000-0000-0000-0000-000000000002}"
EndProject
Project("{2150E333-8FDC-42A3-9474-1A3956D46DE8}") = "src", "src", "{827E0CD3-B72D-47B6-A68D-7590B98EB39B}"
EndProject
Project("{F2A71F9B-5D33-465A-A702-920D77279786}") = "Broker.Contracts", "src\Broker.Contracts\Broker.Contracts.fsproj", "{E5EE7770-6A5A-4460-99A9-7E958060804A}"
EndProject
Project("{F2A71F9B-5D33-465A-A702-920D77279786}") = "Broker.Core", "src\Broker.Core\Broker.Core.fsproj", "{DDE68057-5303-4857-972E-03D5F1C3D547}"
EndProject
Project("{F2A71F9B-5D33-465A-A702-920D77279786}") = "Broker.Protocol", "src\Broker.Protocol\Broker.Protocol.fsproj", "{CBC55E7F-C7A0-4713-AA27-9D19A1DED241}"
EndProject
Project("{F2A71F9B-5D33-465A-A702-920D77279786}") = "Broker.Tui", "src\Broker.Tui\Broker.Tui.fsproj", "{72B5A21D-40F2-45A2-97D7-63874A8280D7}"
EndProject
Project("{F2A71F9B-5D33-465A-A702-920D77279786}") = "Broker.App", "src\Broker.App\Broker.App.fsproj", "{5DD143C6-BE23-4B48-9411-9D63F3FB3AF1}"
EndProject
Project("{2150E333-8FDC-42A3-9474-1A3956D46DE8}") = "tests", "tests", "{0AB3BF05-4346-4AA6-1389-037BE0695223}"
EndProject
Project("{F2A71F9B-5D33-465A-A702-920D77279786}") = "Broker.Contracts.Tests", "tests\Broker.Contracts.Tests\Broker.Contracts.Tests.fsproj", "{081CE4D3-BA07-40F0-B852-8D0FA933A783}"
EndProject
Project("{F2A71F9B-5D33-465A-A702-920D77279786}") = "Broker.Core.Tests", "tests\Broker.Core.Tests\Broker.Core.Tests.fsproj", "{165B56AB-E17A-430A-94DD-5F459130CCD0}"
EndProject
Project("{F2A71F9B-5D33-465A-A702-920D77279786}") = "Broker.Protocol.Tests", "tests\Broker.Protocol.Tests\Broker.Protocol.Tests.fsproj", "{098634BC-F4E0-4A17-A482-16B28C334D86}"
EndProject
Project("{F2A71F9B-5D33-465A-A702-920D77279786}") = "Broker.Tui.Tests", "tests\Broker.Tui.Tests\Broker.Tui.Tests.fsproj", "{0331D25D-A201-4C1B-B38E-F3131407AC7F}"
EndProject
Project("{F2A71F9B-5D33-465A-A702-920D77279786}") = "Broker.Integration.Tests", "tests\Broker.Integration.Tests\Broker.Integration.Tests.fsproj", "{087DDA81-E079-4E55-BBE8-B610CD24BB5E}"
EndProject
Project("{F2A71F9B-5D33-465A-A702-920D77279786}") = "SurfaceArea", "tests\SurfaceArea\SurfaceArea.fsproj", "{D61F5D6C-2008-43DF-B15B-0663704086EE}"
EndProject
Project("{FAE04EC0-301F-11D3-BF4B-00C04F79EFBC}") = "Broker.Browser.Contracts", "src\Broker.Browser.Contracts\Broker.Browser.Contracts.csproj", "{10333927-0A61-4DAC-94D2-6ED8E83D4610}"
EndProject
Project("{F2A71F9B-5D33-465A-A702-920D77279786}") = "Broker.Browser.Gateway", "src\Broker.Browser.Gateway\Broker.Browser.Gateway.fsproj", "{30C5CB96-5241-4D35-AA92-2F6356169D74}"
EndProject
Project("{F2A71F9B-5D33-465A-A702-920D77279786}") = "Broker.Browser.Protocol.Tests", "tests\Broker.Browser.Protocol.Tests\Broker.Browser.Protocol.Tests.fsproj", "{AD930F19-899D-4430-8BD5-18BF204C2788}"
EndProject
Project("{F2A71F9B-5D33-465A-A702-920D77279786}") = "Broker.Browser.Codec.Tests", "tests\Broker.Browser.Codec.Tests\Broker.Browser.Codec.Tests.fsproj", "{3FBDB48F-E583-47A9-8EB3-843F402C61D1}"
EndProject
Project("{F2A71F9B-5D33-465A-A702-920D77279786}") = "Broker.Browser.Client", "src\Broker.Browser.Client\Broker.Browser.Client.fsproj", "{51338765-30E2-4442-95F3-81553091B8A1}"
EndProject
Project("{F2A71F9B-5D33-465A-A702-920D77279786}") = "Broker.Browser.Preview", "src\Broker.Browser.Preview\Broker.Browser.Preview.fsproj", "{70838A6A-6D0B-4E1A-AEED-EA36F6862C69}"
EndProject
Project("{F2A71F9B-5D33-465A-A702-920D77279786}") = "Broker.Browser.Client.Tests", "tests\Broker.Browser.Client.Tests\Broker.Browser.Client.Tests.fsproj", "{1FEE191A-9D15-4EB5-8779-57D443E90FFC}"
EndProject
Project("{F2A71F9B-5D33-465A-A702-920D77279786}") = "Broker.Browser.Preview.Tests", "tests\Broker.Browser.Preview.Tests\Broker.Browser.Preview.Tests.fsproj", "{B9057DA7-3F88-486D-B3F6-410544B6A4D8}"
EndProject
Project("{F2A71F9B-5D33-465A-A702-920D77279786}") = "Broker.Browser.Live", "src\Broker.Browser.Live\Broker.Browser.Live.fsproj", "{3864DC00-3E2B-4C17-8F09-48656F336AFD}"
EndProject
Project("{F2A71F9B-5D33-465A-A702-920D77279786}") = "Broker.Browser.Live.Tests", "tests\Broker.Browser.Live.Tests\Broker.Browser.Live.Tests.fsproj", "{1BA8D3B1-196B-439A-87CF-D9DA0FAC2012}"
EndProject
Global
	GlobalSection(SolutionConfigurationPlatforms) = preSolution
		Debug|Any CPU = Debug|Any CPU
		Debug|x64 = Debug|x64
		Debug|x86 = Debug|x86
		Release|Any CPU = Release|Any CPU
		Release|x64 = Release|x64
		Release|x86 = Release|x86
	EndGlobalSection
	GlobalSection(ProjectConfigurationPlatforms) = postSolution
		{00000000-0000-0000-0000-000000000001}.Debug|Any CPU.ActiveCfg = Debug|Any CPU
		{00000000-0000-0000-0000-000000000001}.Debug|Any CPU.Build.0 = Debug|Any CPU
		{00000000-0000-0000-0000-000000000001}.Debug|x64.ActiveCfg = Debug|Any CPU
		{00000000-0000-0000-0000-000000000001}.Debug|x64.Build.0 = Debug|Any CPU
		{00000000-0000-0000-0000-000000000001}.Debug|x86.ActiveCfg = Debug|Any CPU
		{00000000-0000-0000-0000-000000000001}.Debug|x86.Build.0 = Debug|Any CPU
		{00000000-0000-0000-0000-000000000001}.Release|Any CPU.ActiveCfg = Release|Any CPU
		{00000000-0000-0000-0000-000000000001}.Release|Any CPU.Build.0 = Release|Any CPU
		{00000000-0000-0000-0000-000000000001}.Release|x64.ActiveCfg = Release|Any CPU
		{00000000-0000-0000-0000-000000000001}.Release|x64.Build.0 = Release|Any CPU
		{00000000-0000-0000-0000-000000000001}.Release|x86.ActiveCfg = Release|Any CPU
		{00000000-0000-0000-0000-000000000001}.Release|x86.Build.0 = Release|Any CPU
		{00000000-0000-0000-0000-000000000002}.Debug|Any CPU.ActiveCfg = Debug|Any CPU
		{00000000-0000-0000-0000-000000000002}.Debug|Any CPU.Build.0 = Debug|Any CPU
		{00000000-0000-0000-0000-000000000002}.Debug|x64.ActiveCfg = Debug|Any CPU
		{00000000-0000-0000-0000-000000000002}.Debug|x64.Build.0 = Debug|Any CPU
		{00000000-0000-0000-0000-000000000002}.Debug|x86.ActiveCfg = Debug|Any CPU
		{00000000-0000-0000-0000-000000000002}.Debug|x86.Build.0 = Debug|Any CPU
		{00000000-0000-0000-0000-000000000002}.Release|Any CPU.ActiveCfg = Release|Any CPU
		{00000000-0000-0000-0000-000000000002}.Release|Any CPU.Build.0 = Release|Any CPU
		{00000000-0000-0000-0000-000000000002}.Release|x64.ActiveCfg = Release|Any CPU
		{00000000-0000-0000-0000-000000000002}.Release|x64.Build.0 = Release|Any CPU
		{00000000-0000-0000-0000-000000000002}.Release|x86.ActiveCfg = Release|Any CPU
		{00000000-0000-0000-0000-000000000002}.Release|x86.Build.0 = Release|Any CPU
		{E5EE7770-6A5A-4460-99A9-7E958060804A}.Debug|Any CPU.ActiveCfg = Debug|Any CPU
		{E5EE7770-6A5A-4460-99A9-7E958060804A}.Debug|Any CPU.Build.0 = Debug|Any CPU
		{E5EE7770-6A5A-4460-99A9-7E958060804A}.Debug|x64.ActiveCfg = Debug|Any CPU
		{E5EE7770-6A5A-4460-99A9-7E958060804A}.Debug|x64.Build.0 = Debug|Any CPU
		{E5EE7770-6A5A-4460-99A9-7E958060804A}.Debug|x86.ActiveCfg = Debug|Any CPU
		{E5EE7770-6A5A-4460-99A9-7E958060804A}.Debug|x86.Build.0 = Debug|Any CPU
		{E5EE7770-6A5A-4460-99A9-7E958060804A}.Release|Any CPU.ActiveCfg = Release|Any CPU
		{E5EE7770-6A5A-4460-99A9-7E958060804A}.Release|Any CPU.Build.0 = Release|Any CPU
		{E5EE7770-6A5A-4460-99A9-7E958060804A}.Release|x64.ActiveCfg = Release|Any CPU
		{E5EE7770-6A5A-4460-99A9-7E958060804A}.Release|x64.Build.0 = Release|Any CPU
		{E5EE7770-6A5A-4460-99A9-7E958060804A}.Release|x86.ActiveCfg = Release|Any CPU
		{E5EE7770-6A5A-4460-99A9-7E958060804A}.Release|x86.Build.0 = Release|Any CPU
		{DDE68057-5303-4857-972E-03D5F1C3D547}.Debug|Any CPU.ActiveCfg = Debug|Any CPU
		{DDE68057-5303-4857-972E-03D5F1C3D547}.Debug|Any CPU.Build.0 = Debug|Any CPU
		{DDE68057-5303-4857-972E-03D5F1C3D547}.Debug|x64.ActiveCfg = Debug|Any CPU
		{DDE68057-5303-4857-972E-03D5F1C3D547}.Debug|x64.Build.0 = Debug|Any CPU
		{DDE68057-5303-4857-972E-03D5F1C3D547}.Debug|x86.ActiveCfg = Debug|Any CPU
		{DDE68057-5303-4857-972E-03D5F1C3D547}.Debug|x86.Build.0 = Debug|Any CPU
		{DDE68057-5303-4857-972E-03D5F1C3D547}.Release|Any CPU.ActiveCfg = Release|Any CPU
		{DDE68057-5303-4857-972E-03D5F1C3D547}.Release|Any CPU.Build.0 = Release|Any CPU
		{DDE68057-5303-4857-972E-03D5F1C3D547}.Release|x64.ActiveCfg = Release|Any CPU
		{DDE68057-5303-4857-972E-03D5F1C3D547}.Release|x64.Build.0 = Release|Any CPU
		{DDE68057-5303-4857-972E-03D5F1C3D547}.Release|x86.ActiveCfg = Release|Any CPU
		{DDE68057-5303-4857-972E-03D5F1C3D547}.Release|x86.Build.0 = Release|Any CPU
		{CBC55E7F-C7A0-4713-AA27-9D19A1DED241}.Debug|Any CPU.ActiveCfg = Debug|Any CPU
		{CBC55E7F-C7A0-4713-AA27-9D19A1DED241}.Debug|Any CPU.Build.0 = Debug|Any CPU
		{CBC55E7F-C7A0-4713-AA27-9D19A1DED241}.Debug|x64.ActiveCfg = Debug|Any CPU
		{CBC55E7F-C7A0-4713-AA27-9D19A1DED241}.Debug|x64.Build.0 = Debug|Any CPU
		{CBC55E7F-C7A0-4713-AA27-9D19A1DED241}.Debug|x86.ActiveCfg = Debug|Any CPU
		{CBC55E7F-C7A0-4713-AA27-9D19A1DED241}.Debug|x86.Build.0 = Debug|Any CPU
		{CBC55E7F-C7A0-4713-AA27-9D19A1DED241}.Release|Any CPU.ActiveCfg = Release|Any CPU
		{CBC55E7F-C7A0-4713-AA27-9D19A1DED241}.Release|Any CPU.Build.0 = Release|Any CPU
		{CBC55E7F-C7A0-4713-AA27-9D19A1DED241}.Release|x64.ActiveCfg = Release|Any CPU
		{CBC55E7F-C7A0-4713-AA27-9D19A1DED241}.Release|x64.Build.0 = Release|Any CPU
		{CBC55E7F-C7A0-4713-AA27-9D19A1DED241}.Release|x86.ActiveCfg = Release|Any CPU
		{CBC55E7F-C7A0-4713-AA27-9D19A1DED241}.Release|x86.Build.0 = Release|Any CPU
		{72B5A21D-40F2-45A2-97D7-63874A8280D7}.Debug|Any CPU.ActiveCfg = Debug|Any CPU
		{72B5A21D-40F2-45A2-97D7-63874A8280D7}.Debug|Any CPU.Build.0 = Debug|Any CPU
		{72B5A21D-40F2-45A2-97D7-63874A8280D7}.Debug|x64.ActiveCfg = Debug|Any CPU
		{72B5A21D-40F2-45A2-97D7-63874A8280D7}.Debug|x64.Build.0 = Debug|Any CPU
		{72B5A21D-40F2-45A2-97D7-63874A8280D7}.Debug|x86.ActiveCfg = Debug|Any CPU
		{72B5A21D-40F2-45A2-97D7-63874A8280D7}.Debug|x86.Build.0 = Debug|Any CPU
		{72B5A21D-40F2-45A2-97D7-63874A8280D7}.Release|Any CPU.ActiveCfg = Release|Any CPU
		{72B5A21D-40F2-45A2-97D7-63874A8280D7}.Release|Any CPU.Build.0 = Release|Any CPU
		{72B5A21D-40F2-45A2-97D7-63874A8280D7}.Release|x64.ActiveCfg = Release|Any CPU
		{72B5A21D-40F2-45A2-97D7-63874A8280D7}.Release|x64.Build.0 = Release|Any CPU
		{72B5A21D-40F2-45A2-97D7-63874A8280D7}.Release|x86.ActiveCfg = Release|Any CPU
		{72B5A21D-40F2-45A2-97D7-63874A8280D7}.Release|x86.Build.0 = Release|Any CPU
		{5DD143C6-BE23-4B48-9411-9D63F3FB3AF1}.Debug|Any CPU.ActiveCfg = Debug|Any CPU
		{5DD143C6-BE23-4B48-9411-9D63F3FB3AF1}.Debug|Any CPU.Build.0 = Debug|Any CPU
		{5DD143C6-BE23-4B48-9411-9D63F3FB3AF1}.Debug|x64.ActiveCfg = Debug|Any CPU
		{5DD143C6-BE23-4B48-9411-9D63F3FB3AF1}.Debug|x64.Build.0 = Debug|Any CPU
		{5DD143C6-BE23-4B48-9411-9D63F3FB3AF1}.Debug|x86.ActiveCfg = Debug|Any CPU
		{5DD143C6-BE23-4B48-9411-9D63F3FB3AF1}.Debug|x86.Build.0 = Debug|Any CPU
		{5DD143C6-BE23-4B48-9411-9D63F3FB3AF1}.Release|Any CPU.ActiveCfg = Release|Any CPU
		{5DD143C6-BE23-4B48-9411-9D63F3FB3AF1}.Release|Any CPU.Build.0 = Release|Any CPU
		{5DD143C6-BE23-4B48-9411-9D63F3FB3AF1}.Release|x64.ActiveCfg = Release|Any CPU
		{5DD143C6-BE23-4B48-9411-9D63F3FB3AF1}.Release|x64.Build.0 = Release|Any CPU
		{5DD143C6-BE23-4B48-9411-9D63F3FB3AF1}.Release|x86.ActiveCfg = Release|Any CPU
		{5DD143C6-BE23-4B48-9411-9D63F3FB3AF1}.Release|x86.Build.0 = Release|Any CPU
		{081CE4D3-BA07-40F0-B852-8D0FA933A783}.Debug|Any CPU.ActiveCfg = Debug|Any CPU
		{081CE4D3-BA07-40F0-B852-8D0FA933A783}.Debug|Any CPU.Build.0 = Debug|Any CPU
		{081CE4D3-BA07-40F0-B852-8D0FA933A783}.Debug|x64.ActiveCfg = Debug|Any CPU
		{081CE4D3-BA07-40F0-B852-8D0FA933A783}.Debug|x64.Build.0 = Debug|Any CPU
		{081CE4D3-BA07-40F0-B852-8D0FA933A783}.Debug|x86.ActiveCfg = Debug|Any CPU
		{081CE4D3-BA07-40F0-B852-8D0FA933A783}.Debug|x86.Build.0 = Debug|Any CPU
		{081CE4D3-BA07-40F0-B852-8D0FA933A783}.Release|Any CPU.ActiveCfg = Release|Any CPU
		{081CE4D3-BA07-40F0-B852-8D0FA933A783}.Release|Any CPU.Build.0 = Release|Any CPU
		{081CE4D3-BA07-40F0-B852-8D0FA933A783}.Release|x64.ActiveCfg = Release|Any CPU
		{081CE4D3-BA07-40F0-B852-8D0FA933A783}.Release|x64.Build.0 = Release|Any CPU
		{081CE4D3-BA07-40F0-B852-8D0FA933A783}.Release|x86.ActiveCfg = Release|Any CPU
		{081CE4D3-BA07-40F0-B852-8D0FA933A783}.Release|x86.Build.0 = Release|Any CPU
		{165B56AB-E17A-430A-94DD-5F459130CCD0}.Debug|Any CPU.ActiveCfg = Debug|Any CPU
		{165B56AB-E17A-430A-94DD-5F459130CCD0}.Debug|Any CPU.Build.0 = Debug|Any CPU
		{165B56AB-E17A-430A-94DD-5F459130CCD0}.Debug|x64.ActiveCfg = Debug|Any CPU
		{165B56AB-E17A-430A-94DD-5F459130CCD0}.Debug|x64.Build.0 = Debug|Any CPU
		{165B56AB-E17A-430A-94DD-5F459130CCD0}.Debug|x86.ActiveCfg = Debug|Any CPU
		{165B56AB-E17A-430A-94DD-5F459130CCD0}.Debug|x86.Build.0 = Debug|Any CPU
		{165B56AB-E17A-430A-94DD-5F459130CCD0}.Release|Any CPU.ActiveCfg = Release|Any CPU
		{165B56AB-E17A-430A-94DD-5F459130CCD0}.Release|Any CPU.Build.0 = Release|Any CPU
		{165B56AB-E17A-430A-94DD-5F459130CCD0}.Release|x64.ActiveCfg = Release|Any CPU
		{165B56AB-E17A-430A-94DD-5F459130CCD0}.Release|x64.Build.0 = Release|Any CPU
		{165B56AB-E17A-430A-94DD-5F459130CCD0}.Release|x86.ActiveCfg = Release|Any CPU
		{165B56AB-E17A-430A-94DD-5F459130CCD0}.Release|x86.Build.0 = Release|Any CPU
		{098634BC-F4E0-4A17-A482-16B28C334D86}.Debug|Any CPU.ActiveCfg = Debug|Any CPU
		{098634BC-F4E0-4A17-A482-16B28C334D86}.Debug|Any CPU.Build.0 = Debug|Any CPU
		{098634BC-F4E0-4A17-A482-16B28C334D86}.Debug|x64.ActiveCfg = Debug|Any CPU
		{098634BC-F4E0-4A17-A482-16B28C334D86}.Debug|x64.Build.0 = Debug|Any CPU
		{098634BC-F4E0-4A17-A482-16B28C334D86}.Debug|x86.ActiveCfg = Debug|Any CPU
		{098634BC-F4E0-4A17-A482-16B28C334D86}.Debug|x86.Build.0 = Debug|Any CPU
		{098634BC-F4E0-4A17-A482-16B28C334D86}.Release|Any CPU.ActiveCfg = Release|Any CPU
		{098634BC-F4E0-4A17-A482-16B28C334D86}.Release|Any CPU.Build.0 = Release|Any CPU
		{098634BC-F4E0-4A17-A482-16B28C334D86}.Release|x64.ActiveCfg = Release|Any CPU
		{098634BC-F4E0-4A17-A482-16B28C334D86}.Release|x64.Build.0 = Release|Any CPU
		{098634BC-F4E0-4A17-A482-16B28C334D86}.Release|x86.ActiveCfg = Release|Any CPU
		{098634BC-F4E0-4A17-A482-16B28C334D86}.Release|x86.Build.0 = Release|Any CPU
		{0331D25D-A201-4C1B-B38E-F3131407AC7F}.Debug|Any CPU.ActiveCfg = Debug|Any CPU
		{0331D25D-A201-4C1B-B38E-F3131407AC7F}.Debug|Any CPU.Build.0 = Debug|Any CPU
		{0331D25D-A201-4C1B-B38E-F3131407AC7F}.Debug|x64.ActiveCfg = Debug|Any CPU
		{0331D25D-A201-4C1B-B38E-F3131407AC7F}.Debug|x64.Build.0 = Debug|Any CPU
		{0331D25D-A201-4C1B-B38E-F3131407AC7F}.Debug|x86.ActiveCfg = Debug|Any CPU
		{0331D25D-A201-4C1B-B38E-F3131407AC7F}.Debug|x86.Build.0 = Debug|Any CPU
		{0331D25D-A201-4C1B-B38E-F3131407AC7F}.Release|Any CPU.ActiveCfg = Release|Any CPU
		{0331D25D-A201-4C1B-B38E-F3131407AC7F}.Release|Any CPU.Build.0 = Release|Any CPU
		{0331D25D-A201-4C1B-B38E-F3131407AC7F}.Release|x64.ActiveCfg = Release|Any CPU
		{0331D25D-A201-4C1B-B38E-F3131407AC7F}.Release|x64.Build.0 = Release|Any CPU
		{0331D25D-A201-4C1B-B38E-F3131407AC7F}.Release|x86.ActiveCfg = Release|Any CPU
		{0331D25D-A201-4C1B-B38E-F3131407AC7F}.Release|x86.Build.0 = Release|Any CPU
		{087DDA81-E079-4E55-BBE8-B610CD24BB5E}.Debug|Any CPU.ActiveCfg = Debug|Any CPU
		{087DDA81-E079-4E55-BBE8-B610CD24BB5E}.Debug|Any CPU.Build.0 = Debug|Any CPU
		{087DDA81-E079-4E55-BBE8-B610CD24BB5E}.Debug|x64.ActiveCfg = Debug|Any CPU
		{087DDA81-E079-4E55-BBE8-B610CD24BB5E}.Debug|x64.Build.0 = Debug|Any CPU
		{087DDA81-E079-4E55-BBE8-B610CD24BB5E}.Debug|x86.ActiveCfg = Debug|Any CPU
		{087DDA81-E079-4E55-BBE8-B610CD24BB5E}.Debug|x86.Build.0 = Debug|Any CPU
		{087DDA81-E079-4E55-BBE8-B610CD24BB5E}.Release|Any CPU.ActiveCfg = Release|Any CPU
		{087DDA81-E079-4E55-BBE8-B610CD24BB5E}.Release|Any CPU.Build.0 = Release|Any CPU
		{087DDA81-E079-4E55-BBE8-B610CD24BB5E}.Release|x64.ActiveCfg = Release|Any CPU
		{087DDA81-E079-4E55-BBE8-B610CD24BB5E}.Release|x64.Build.0 = Release|Any CPU
		{087DDA81-E079-4E55-BBE8-B610CD24BB5E}.Release|x86.ActiveCfg = Release|Any CPU
		{087DDA81-E079-4E55-BBE8-B610CD24BB5E}.Release|x86.Build.0 = Release|Any CPU
		{D61F5D6C-2008-43DF-B15B-0663704086EE}.Debug|Any CPU.ActiveCfg = Debug|Any CPU
		{D61F5D6C-2008-43DF-B15B-0663704086EE}.Debug|Any CPU.Build.0 = Debug|Any CPU
		{D61F5D6C-2008-43DF-B15B-0663704086EE}.Debug|x64.ActiveCfg = Debug|Any CPU
		{D61F5D6C-2008-43DF-B15B-0663704086EE}.Debug|x64.Build.0 = Debug|Any CPU
		{D61F5D6C-2008-43DF-B15B-0663704086EE}.Debug|x86.ActiveCfg = Debug|Any CPU
		{D61F5D6C-2008-43DF-B15B-0663704086EE}.Debug|x86.Build.0 = Debug|Any CPU
		{D61F5D6C-2008-43DF-B15B-0663704086EE}.Release|Any CPU.ActiveCfg = Release|Any CPU
		{D61F5D6C-2008-43DF-B15B-0663704086EE}.Release|Any CPU.Build.0 = Release|Any CPU
		{D61F5D6C-2008-43DF-B15B-0663704086EE}.Release|x64.ActiveCfg = Release|Any CPU
		{D61F5D6C-2008-43DF-B15B-0663704086EE}.Release|x64.Build.0 = Release|Any CPU
		{D61F5D6C-2008-43DF-B15B-0663704086EE}.Release|x86.ActiveCfg = Release|Any CPU
		{D61F5D6C-2008-43DF-B15B-0663704086EE}.Release|x86.Build.0 = Release|Any CPU
		{10333927-0A61-4DAC-94D2-6ED8E83D4610}.Debug|Any CPU.ActiveCfg = Debug|Any CPU
		{10333927-0A61-4DAC-94D2-6ED8E83D4610}.Debug|Any CPU.Build.0 = Debug|Any CPU
		{10333927-0A61-4DAC-94D2-6ED8E83D4610}.Debug|x64.ActiveCfg = Debug|Any CPU
		{10333927-0A61-4DAC-94D2-6ED8E83D4610}.Debug|x64.Build.0 = Debug|Any CPU
		{10333927-0A61-4DAC-94D2-6ED8E83D4610}.Debug|x86.ActiveCfg = Debug|Any CPU
		{10333927-0A61-4DAC-94D2-6ED8E83D4610}.Debug|x86.Build.0 = Debug|Any CPU
		{10333927-0A61-4DAC-94D2-6ED8E83D4610}.Release|Any CPU.ActiveCfg = Release|Any CPU
		{10333927-0A61-4DAC-94D2-6ED8E83D4610}.Release|Any CPU.Build.0 = Release|Any CPU
		{10333927-0A61-4DAC-94D2-6ED8E83D4610}.Release|x64.ActiveCfg = Release|Any CPU
		{10333927-0A61-4DAC-94D2-6ED8E83D4610}.Release|x64.Build.0 = Release|Any CPU
		{10333927-0A61-4DAC-94D2-6ED8E83D4610}.Release|x86.ActiveCfg = Release|Any CPU
		{10333927-0A61-4DAC-94D2-6ED8E83D4610}.Release|x86.Build.0 = Release|Any CPU
		{30C5CB96-5241-4D35-AA92-2F6356169D74}.Debug|Any CPU.ActiveCfg = Debug|Any CPU
		{30C5CB96-5241-4D35-AA92-2F6356169D74}.Debug|Any CPU.Build.0 = Debug|Any CPU
		{30C5CB96-5241-4D35-AA92-2F6356169D74}.Debug|x64.ActiveCfg = Debug|Any CPU
		{30C5CB96-5241-4D35-AA92-2F6356169D74}.Debug|x64.Build.0 = Debug|Any CPU
		{30C5CB96-5241-4D35-AA92-2F6356169D74}.Debug|x86.ActiveCfg = Debug|Any CPU
		{30C5CB96-5241-4D35-AA92-2F6356169D74}.Debug|x86.Build.0 = Debug|Any CPU
		{30C5CB96-5241-4D35-AA92-2F6356169D74}.Release|Any CPU.ActiveCfg = Release|Any CPU
		{30C5CB96-5241-4D35-AA92-2F6356169D74}.Release|Any CPU.Build.0 = Release|Any CPU
		{30C5CB96-5241-4D35-AA92-2F6356169D74}.Release|x64.ActiveCfg = Release|Any CPU
		{30C5CB96-5241-4D35-AA92-2F6356169D74}.Release|x64.Build.0 = Release|Any CPU
		{30C5CB96-5241-4D35-AA92-2F6356169D74}.Release|x86.ActiveCfg = Release|Any CPU
		{30C5CB96-5241-4D35-AA92-2F6356169D74}.Release|x86.Build.0 = Release|Any CPU
		{AD930F19-899D-4430-8BD5-18BF204C2788}.Debug|Any CPU.ActiveCfg = Debug|Any CPU
		{AD930F19-899D-4430-8BD5-18BF204C2788}.Debug|Any CPU.Build.0 = Debug|Any CPU
		{AD930F19-899D-4430-8BD5-18BF204C2788}.Debug|x64.ActiveCfg = Debug|Any CPU
		{AD930F19-899D-4430-8BD5-18BF204C2788}.Debug|x64.Build.0 = Debug|Any CPU
		{AD930F19-899D-4430-8BD5-18BF204C2788}.Debug|x86.ActiveCfg = Debug|Any CPU
		{AD930F19-899D-4430-8BD5-18BF204C2788}.Debug|x86.Build.0 = Debug|Any CPU
		{AD930F19-899D-4430-8BD5-18BF204C2788}.Release|Any CPU.ActiveCfg = Release|Any CPU
		{AD930F19-899D-4430-8BD5-18BF204C2788}.Release|Any CPU.Build.0 = Release|Any CPU
		{AD930F19-899D-4430-8BD5-18BF204C2788}.Release|x64.ActiveCfg = Release|Any CPU
		{AD930F19-899D-4430-8BD5-18BF204C2788}.Release|x64.Build.0 = Release|Any CPU
		{AD930F19-899D-4430-8BD5-18BF204C2788}.Release|x86.ActiveCfg = Release|Any CPU
		{AD930F19-899D-4430-8BD5-18BF204C2788}.Release|x86.Build.0 = Release|Any CPU
		{3FBDB48F-E583-47A9-8EB3-843F402C61D1}.Debug|Any CPU.ActiveCfg = Debug|Any CPU
		{3FBDB48F-E583-47A9-8EB3-843F402C61D1}.Debug|Any CPU.Build.0 = Debug|Any CPU
		{3FBDB48F-E583-47A9-8EB3-843F402C61D1}.Debug|x64.ActiveCfg = Debug|Any CPU
		{3FBDB48F-E583-47A9-8EB3-843F402C61D1}.Debug|x64.Build.0 = Debug|Any CPU
		{3FBDB48F-E583-47A9-8EB3-843F402C61D1}.Debug|x86.ActiveCfg = Debug|Any CPU
		{3FBDB48F-E583-47A9-8EB3-843F402C61D1}.Debug|x86.Build.0 = Debug|Any CPU
		{3FBDB48F-E583-47A9-8EB3-843F402C61D1}.Release|Any CPU.ActiveCfg = Release|Any CPU
		{3FBDB48F-E583-47A9-8EB3-843F402C61D1}.Release|Any CPU.Build.0 = Release|Any CPU
		{3FBDB48F-E583-47A9-8EB3-843F402C61D1}.Release|x64.ActiveCfg = Release|Any CPU
		{3FBDB48F-E583-47A9-8EB3-843F402C61D1}.Release|x64.Build.0 = Release|Any CPU
		{3FBDB48F-E583-47A9-8EB3-843F402C61D1}.Release|x86.ActiveCfg = Release|Any CPU
		{3FBDB48F-E583-47A9-8EB3-843F402C61D1}.Release|x86.Build.0 = Release|Any CPU
		{51338765-30E2-4442-95F3-81553091B8A1}.Debug|Any CPU.ActiveCfg = Debug|Any CPU
		{51338765-30E2-4442-95F3-81553091B8A1}.Debug|Any CPU.Build.0 = Debug|Any CPU
		{51338765-30E2-4442-95F3-81553091B8A1}.Debug|x64.ActiveCfg = Debug|Any CPU
		{51338765-30E2-4442-95F3-81553091B8A1}.Debug|x64.Build.0 = Debug|Any CPU
		{51338765-30E2-4442-95F3-81553091B8A1}.Debug|x86.ActiveCfg = Debug|Any CPU
		{51338765-30E2-4442-95F3-81553091B8A1}.Debug|x86.Build.0 = Debug|Any CPU
		{51338765-30E2-4442-95F3-81553091B8A1}.Release|Any CPU.ActiveCfg = Release|Any CPU
		{51338765-30E2-4442-95F3-81553091B8A1}.Release|Any CPU.Build.0 = Release|Any CPU
		{51338765-30E2-4442-95F3-81553091B8A1}.Release|x64.ActiveCfg = Release|Any CPU
		{51338765-30E2-4442-95F3-81553091B8A1}.Release|x64.Build.0 = Release|Any CPU
		{51338765-30E2-4442-95F3-81553091B8A1}.Release|x86.ActiveCfg = Release|Any CPU
		{51338765-30E2-4442-95F3-81553091B8A1}.Release|x86.Build.0 = Release|Any CPU
		{70838A6A-6D0B-4E1A-AEED-EA36F6862C69}.Debug|Any CPU.ActiveCfg = Debug|Any CPU
		{70838A6A-6D0B-4E1A-AEED-EA36F6862C69}.Debug|Any CPU.Build.0 = Debug|Any CPU
		{70838A6A-6D0B-4E1A-AEED-EA36F6862C69}.Debug|x64.ActiveCfg = Debug|Any CPU
		{70838A6A-6D0B-4E1A-AEED-EA36F6862C69}.Debug|x64.Build.0 = Debug|Any CPU
		{70838A6A-6D0B-4E1A-AEED-EA36F6862C69}.Debug|x86.ActiveCfg = Debug|Any CPU
		{70838A6A-6D0B-4E1A-AEED-EA36F6862C69}.Debug|x86.Build.0 = Debug|Any CPU
		{70838A6A-6D0B-4E1A-AEED-EA36F6862C69}.Release|Any CPU.ActiveCfg = Release|Any CPU
		{70838A6A-6D0B-4E1A-AEED-EA36F6862C69}.Release|Any CPU.Build.0 = Release|Any CPU
		{70838A6A-6D0B-4E1A-AEED-EA36F6862C69}.Release|x64.ActiveCfg = Release|Any CPU
		{70838A6A-6D0B-4E1A-AEED-EA36F6862C69}.Release|x64.Build.0 = Release|Any CPU
		{70838A6A-6D0B-4E1A-AEED-EA36F6862C69}.Release|x86.ActiveCfg = Release|Any CPU
		{70838A6A-6D0B-4E1A-AEED-EA36F6862C69}.Release|x86.Build.0 = Release|Any CPU
		{1FEE191A-9D15-4EB5-8779-57D443E90FFC}.Debug|Any CPU.ActiveCfg = Debug|Any CPU
		{1FEE191A-9D15-4EB5-8779-57D443E90FFC}.Debug|Any CPU.Build.0 = Debug|Any CPU
		{1FEE191A-9D15-4EB5-8779-57D443E90FFC}.Debug|x64.ActiveCfg = Debug|Any CPU
		{1FEE191A-9D15-4EB5-8779-57D443E90FFC}.Debug|x64.Build.0 = Debug|Any CPU
		{1FEE191A-9D15-4EB5-8779-57D443E90FFC}.Debug|x86.ActiveCfg = Debug|Any CPU
		{1FEE191A-9D15-4EB5-8779-57D443E90FFC}.Debug|x86.Build.0 = Debug|Any CPU
		{1FEE191A-9D15-4EB5-8779-57D443E90FFC}.Release|Any CPU.ActiveCfg = Release|Any CPU
		{1FEE191A-9D15-4EB5-8779-57D443E90FFC}.Release|Any CPU.Build.0 = Release|Any CPU
		{1FEE191A-9D15-4EB5-8779-57D443E90FFC}.Release|x64.ActiveCfg = Release|Any CPU
		{1FEE191A-9D15-4EB5-8779-57D443E90FFC}.Release|x64.Build.0 = Release|Any CPU
		{1FEE191A-9D15-4EB5-8779-57D443E90FFC}.Release|x86.ActiveCfg = Release|Any CPU
		{1FEE191A-9D15-4EB5-8779-57D443E90FFC}.Release|x86.Build.0 = Release|Any CPU
		{B9057DA7-3F88-486D-B3F6-410544B6A4D8}.Debug|Any CPU.ActiveCfg = Debug|Any CPU
		{B9057DA7-3F88-486D-B3F6-410544B6A4D8}.Debug|Any CPU.Build.0 = Debug|Any CPU
		{B9057DA7-3F88-486D-B3F6-410544B6A4D8}.Debug|x64.ActiveCfg = Debug|Any CPU
		{B9057DA7-3F88-486D-B3F6-410544B6A4D8}.Debug|x64.Build.0 = Debug|Any CPU
		{B9057DA7-3F88-486D-B3F6-410544B6A4D8}.Debug|x86.ActiveCfg = Debug|Any CPU
		{B9057DA7-3F88-486D-B3F6-410544B6A4D8}.Debug|x86.Build.0 = Debug|Any CPU
		{B9057DA7-3F88-486D-B3F6-410544B6A4D8}.Release|Any CPU.ActiveCfg = Release|Any CPU
		{B9057DA7-3F88-486D-B3F6-410544B6A4D8}.Release|Any CPU.Build.0 = Release|Any CPU
		{B9057DA7-3F88-486D-B3F6-410544B6A4D8}.Release|x64.ActiveCfg = Release|Any CPU
		{B9057DA7-3F88-486D-B3F6-410544B6A4D8}.Release|x64.Build.0 = Release|Any CPU
		{B9057DA7-3F88-486D-B3F6-410544B6A4D8}.Release|x86.ActiveCfg = Release|Any CPU
		{B9057DA7-3F88-486D-B3F6-410544B6A4D8}.Release|x86.Build.0 = Release|Any CPU
		{3864DC00-3E2B-4C17-8F09-48656F336AFD}.Debug|Any CPU.ActiveCfg = Debug|Any CPU
		{3864DC00-3E2B-4C17-8F09-48656F336AFD}.Debug|Any CPU.Build.0 = Debug|Any CPU
		{3864DC00-3E2B-4C17-8F09-48656F336AFD}.Debug|x64.ActiveCfg = Debug|Any CPU
		{3864DC00-3E2B-4C17-8F09-48656F336AFD}.Debug|x64.Build.0 = Debug|Any CPU
		{3864DC00-3E2B-4C17-8F09-48656F336AFD}.Debug|x86.ActiveCfg = Debug|Any CPU
		{3864DC00-3E2B-4C17-8F09-48656F336AFD}.Debug|x86.Build.0 = Debug|Any CPU
		{3864DC00-3E2B-4C17-8F09-48656F336AFD}.Release|Any CPU.ActiveCfg = Release|Any CPU
		{3864DC00-3E2B-4C17-8F09-48656F336AFD}.Release|Any CPU.Build.0 = Release|Any CPU
		{3864DC00-3E2B-4C17-8F09-48656F336AFD}.Release|x64.ActiveCfg = Release|Any CPU
		{3864DC00-3E2B-4C17-8F09-48656F336AFD}.Release|x64.Build.0 = Release|Any CPU
		{3864DC00-3E2B-4C17-8F09-48656F336AFD}.Release|x86.ActiveCfg = Release|Any CPU
		{3864DC00-3E2B-4C17-8F09-48656F336AFD}.Release|x86.Build.0 = Release|Any CPU
		{1BA8D3B1-196B-439A-87CF-D9DA0FAC2012}.Debug|Any CPU.ActiveCfg = Debug|Any CPU
		{1BA8D3B1-196B-439A-87CF-D9DA0FAC2012}.Debug|Any CPU.Build.0 = Debug|Any CPU
		{1BA8D3B1-196B-439A-87CF-D9DA0FAC2012}.Debug|x64.ActiveCfg = Debug|Any CPU
		{1BA8D3B1-196B-439A-87CF-D9DA0FAC2012}.Debug|x64.Build.0 = Debug|Any CPU
		{1BA8D3B1-196B-439A-87CF-D9DA0FAC2012}.Debug|x86.ActiveCfg = Debug|Any CPU
		{1BA8D3B1-196B-439A-87CF-D9DA0FAC2012}.Debug|x86.Build.0 = Debug|Any CPU
		{1BA8D3B1-196B-439A-87CF-D9DA0FAC2012}.Release|Any CPU.ActiveCfg = Release|Any CPU
		{1BA8D3B1-196B-439A-87CF-D9DA0FAC2012}.Release|Any CPU.Build.0 = Release|Any CPU
		{1BA8D3B1-196B-439A-87CF-D9DA0FAC2012}.Release|x64.ActiveCfg = Release|Any CPU
		{1BA8D3B1-196B-439A-87CF-D9DA0FAC2012}.Release|x64.Build.0 = Release|Any CPU
		{1BA8D3B1-196B-439A-87CF-D9DA0FAC2012}.Release|x86.ActiveCfg = Release|Any CPU
		{1BA8D3B1-196B-439A-87CF-D9DA0FAC2012}.Release|x86.Build.0 = Release|Any CPU
	EndGlobalSection
	GlobalSection(SolutionProperties) = preSolution
		HideSolutionNode = FALSE
	EndGlobalSection
	GlobalSection(NestedProjects) = preSolution
		{E5EE7770-6A5A-4460-99A9-7E958060804A} = {827E0CD3-B72D-47B6-A68D-7590B98EB39B}
		{DDE68057-5303-4857-972E-03D5F1C3D547} = {827E0CD3-B72D-47B6-A68D-7590B98EB39B}
		{CBC55E7F-C7A0-4713-AA27-9D19A1DED241} = {827E0CD3-B72D-47B6-A68D-7590B98EB39B}
		{72B5A21D-40F2-45A2-97D7-63874A8280D7} = {827E0CD3-B72D-47B6-A68D-7590B98EB39B}
		{5DD143C6-BE23-4B48-9411-9D63F3FB3AF1} = {827E0CD3-B72D-47B6-A68D-7590B98EB39B}
		{081CE4D3-BA07-40F0-B852-8D0FA933A783} = {0AB3BF05-4346-4AA6-1389-037BE0695223}
		{165B56AB-E17A-430A-94DD-5F459130CCD0} = {0AB3BF05-4346-4AA6-1389-037BE0695223}
		{098634BC-F4E0-4A17-A482-16B28C334D86} = {0AB3BF05-4346-4AA6-1389-037BE0695223}
		{0331D25D-A201-4C1B-B38E-F3131407AC7F} = {0AB3BF05-4346-4AA6-1389-037BE0695223}
		{087DDA81-E079-4E55-BBE8-B610CD24BB5E} = {0AB3BF05-4346-4AA6-1389-037BE0695223}
		{D61F5D6C-2008-43DF-B15B-0663704086EE} = {0AB3BF05-4346-4AA6-1389-037BE0695223}
		{10333927-0A61-4DAC-94D2-6ED8E83D4610} = {827E0CD3-B72D-47B6-A68D-7590B98EB39B}
		{30C5CB96-5241-4D35-AA92-2F6356169D74} = {827E0CD3-B72D-47B6-A68D-7590B98EB39B}
		{AD930F19-899D-4430-8BD5-18BF204C2788} = {0AB3BF05-4346-4AA6-1389-037BE0695223}
		{3FBDB48F-E583-47A9-8EB3-843F402C61D1} = {0AB3BF05-4346-4AA6-1389-037BE0695223}
		{51338765-30E2-4442-95F3-81553091B8A1} = {827E0CD3-B72D-47B6-A68D-7590B98EB39B}
		{70838A6A-6D0B-4E1A-AEED-EA36F6862C69} = {827E0CD3-B72D-47B6-A68D-7590B98EB39B}
		{1FEE191A-9D15-4EB5-8779-57D443E90FFC} = {0AB3BF05-4346-4AA6-1389-037BE0695223}
		{B9057DA7-3F88-486D-B3F6-410544B6A4D8} = {0AB3BF05-4346-4AA6-1389-037BE0695223}
		{3864DC00-3E2B-4C17-8F09-48656F336AFD} = {827E0CD3-B72D-47B6-A68D-7590B98EB39B}
		{1BA8D3B1-196B-439A-87CF-D9DA0FAC2012} = {0AB3BF05-4346-4AA6-1389-037BE0695223}
	EndGlobalSection
EndGlobal
