{
  "version": 1,
  "dependencies": {
    "net10.0": {
      "FS.GG.Wasm.Browser": {
        "type": "Direct",
        "requested": "[0.2.0, 0.2.0]",
        "resolved": "0.2.0",
        "contentHash": "fiULHMdsO/yrfjvqO4gJDgIuh96nZAWSY00dsfIvo9YCeCv2LXTqlmNT5z9ImwKIGAW3sj/u7tRBv89hwfRyhg==",
        "dependencies": {
          "FS.GG.Wasm.Contracts": "[0.2.0]",
          "FSharp.Core": "10.1.302"
        }
      },
      "FS.GG.Wasm.Contracts": {
        "type": "Direct",
        "requested": "[0.2.0, 0.2.0]",
        "resolved": "0.2.0",
        "contentHash": "YzyfJPowlQnSUyjgIYQLtD9X5ADS8enZBc8GoqtY0XtOB+0gTufneaoW9rEPpMiaU2m3Uf4NGXYBVETT4jdwlw==",
        "dependencies": {
          "FSharp.Core": "10.1.302"
        }
      },
      "FSharp.Core": {
        "type": "Direct",
        "requested": "[10.1.302, 10.1.302]",
        "resolved": "10.1.302",
        "contentHash": "bN7XMQrAQg1dyHScJ7FcsznERBkvm74LtIo1O6C5mUzgbDqSwNbDpb3+nBGaJAjDmtC/suK5Vx5pFysKY6Hm+Q=="
      }
    }
  }
}