{
  "version": 1,
  "dependencies": {
    "net10.0": {
      "FSharp.Core": {
        "type": "Direct",
        "requested": "[10.1.401, )",
        "resolved": "10.1.401",
        "contentHash": "IGqjL9U8pQl7CaCpFP3f5slZMduE8c7ZBx7HycAQ9dc1tawyniNyw7Fh6L2cShIoQDcaDL+S8/kokhWs8WwnBQ=="
      },
      "Fable.Core": {
        "type": "Transitive",
        "resolved": "5.3.0",
        "contentHash": "UAAdJeT3OEayd2x97U+fXxj6SCTByzTbjw8Rw5VKuYfcereVG4rYMAfoykIxm+Zr0g2FXwlcw1LR9c+AAXeyMQ==",
        "dependencies": {
          "FSharp.Core": "4.7.2"
        }
      },
      "Fable.Elmish": {
        "type": "Transitive",
        "resolved": "5.0.2",
        "contentHash": "2/5a5Isu9O1cQQeUZ4I70ZFKF1kkl14xoQXZ6zP4tWTQotNDJCWN2LlLku+1+4mO/jnOUGQy2jJ1KgzG5MhoLw==",
        "dependencies": {
          "FSharp.Core": "4.7.2",
          "Fable.Core": "4.0.0"
        }
      },
      "broker.browser.client": {
        "type": "Project",
        "dependencies": {
          "FSharp.Core": "[10.1.401, )",
          "Fable.Core": "[5.3.0, 5.3.0]",
          "Fable.Elmish": "[5.0.2, 5.0.2]"
        }
      }
    }
  }
}